
Microsoft Visual Studio Solution File, Format Version 12.00
# Visual Studio Version 16
VisualStudioVersion = 16.0.28803.156
MinimumVisualStudioVersion = 10.0.40219.1
Project("{9A19103F-16F7-4668-BE54-9A1E7A4F7556}") = "SimpleAccess.SqlServer", "SimpleAccess.SqlServer\SimpleAccess.SqlServer.csproj", "{D97DEB44-C9BD-4813-AE06-3119CE26214A}"
EndProject
Project("{9A19103F-16F7-4668-BE54-9A1E7A4F7556}") = "SimpleAccess.Core", "SimpleAccess.Core\SimpleAccess.Core.csproj", "{CA67607F-1D89-47FD-B8BF-8DEAC4D0AC60}"
EndProject
Project("{9A19103F-16F7-4668-BE54-9A1E7A4F7556}") = "SimpleAccess.Sqlite", "SimpleAccess.Sqlite\SimpleAccess.Sqlite.csproj", "{80B19FC2-FFFB-471B-8F26-C38F0FB80E0E}"
EndProject
Project("{9A19103F-16F7-4668-BE54-9A1E7A4F7556}") = "SimpleAccess.Oracle", "SimpleAccess.Oracle\SimpleAccess.Oracle.csproj", "{8B9E00FC-72AC-4151-8326-090D0BF9F153}"
EndProject
Project("{9A19103F-16F7-4668-BE54-9A1E7A4F7556}") = "SimpleAccess.MySql", "SimpleAccess.MySql\SimpleAccess.MySql.csproj", "{2A7EDC08-9746-4796-8086-B39798042EAF}"
EndProject
Project("{9A19103F-16F7-4668-BE54-9A1E7A4F7556}") = "SimpleAccess.SqlServer.Test", "SimpleAccess.SqlServer.Test\SimpleAccess.SqlServer.Test.csproj", "{5B0BD510-DCB9-4C52-B524-12DC2906E5AD}"
EndProject
Project("{9A19103F-16F7-4668-BE54-9A1E7A4F7556}") = "SimpleAccess.Common", "SimpleAccess.Common\SimpleAccess.Common.csproj", "{4077AAD2-EC31-4D79-821D-74039C1F41D0}"
EndProject
Project("{9A19103F-16F7-4668-BE54-9A1E7A4F7556}") = "SimpleAccess.Repository", "SimpleAccess.Repository\SimpleAccess.Repository.csproj", "{1AEC5D82-4081-4649-AD79-39B6B455771F}"
EndProject
Global
	GlobalSection(SolutionConfigurationPlatforms) = preSolution
		Debug|Any CPU = Debug|Any CPU
		Release|Any CPU = Release|Any CPU
	EndGlobalSection
	GlobalSection(ProjectConfigurationPlatforms) = postSolution
		{D97DEB44-C9BD-4813-AE06-3119CE26214A}.Debug|Any CPU.ActiveCfg = Debug|Any CPU
		{D97DEB44-C9BD-4813-AE06-3119CE26214A}.Debug|Any CPU.Build.0 = Debug|Any CPU
		{D97DEB44-C9BD-4813-AE06-3119CE26214A}.Release|Any CPU.ActiveCfg = Release|Any CPU
		{D97DEB44-C9BD-4813-AE06-3119CE26214A}.Release|Any CPU.Build.0 = Release|Any CPU
		{CA67607F-1D89-47FD-B8BF-8DEAC4D0AC60}.Debug|Any CPU.ActiveCfg = Debug|Any CPU
		{CA67607F-1D89-47FD-B8BF-8DEAC4D0AC60}.Debug|Any CPU.Build.0 = Debug|Any CPU
		{CA67607F-1D89-47FD-B8BF-8DEAC4D0AC60}.Release|Any CPU.ActiveCfg = Release|Any CPU
		{CA67607F-1D89-47FD-B8BF-8DEAC4D0AC60}.Release|Any CPU.Build.0 = Release|Any CPU
		{80B19FC2-FFFB-471B-8F26-C38F0FB80E0E}.Debug|Any CPU.ActiveCfg = Debug|Any CPU
		{80B19FC2-FFFB-471B-8F26-C38F0FB80E0E}.Debug|Any CPU.Build.0 = Debug|Any CPU
		{80B19FC2-FFFB-471B-8F26-C38F0FB80E0E}.Release|Any CPU.ActiveCfg = Release|Any CPU
		{80B19FC2-FFFB-471B-8F26-C38F0FB80E0E}.Release|Any CPU.Build.0 = Release|Any CPU
		{8B9E00FC-72AC-4151-8326-090D0BF9F153}.Debug|Any CPU.ActiveCfg = Debug|Any CPU
		{8B9E00FC-72AC-4151-8326-090D0BF9F153}.Debug|Any CPU.Build.0 = Debug|Any CPU
		{8B9E00FC-72AC-4151-8326-090D0BF9F153}.Release|Any CPU.ActiveCfg = Release|Any CPU
		{8B9E00FC-72AC-4151-8326-090D0BF9F153}.Release|Any CPU.Build.0 = Release|Any CPU
		{2A7EDC08-9746-4796-8086-B39798042EAF}.Debug|Any CPU.ActiveCfg = Debug|Any CPU
		{2A7EDC08-9746-4796-8086-B39798042EAF}.Debug|Any CPU.Build.0 = Debug|Any CPU
		{2A7EDC08-9746-4796-8086-B39798042EAF}.Release|Any CPU.ActiveCfg = Release|Any CPU
		{2A7EDC08-9746-4796-8086-B39798042EAF}.Release|Any CPU.Build.0 = Release|Any CPU
		{5B0BD510-DCB9-4C52-B524-12DC2906E5AD}.Debug|Any CPU.ActiveCfg = Debug|Any CPU
		{5B0BD510-DCB9-4C52-B524-12DC2906E5AD}.Debug|Any CPU.Build.0 = Debug|Any CPU
		{5B0BD510-DCB9-4C52-B524-12DC2906E5AD}.Release|Any CPU.ActiveCfg = Release|Any CPU
		{5B0BD510-DCB9-4C52-B524-12DC2906E5AD}.Release|Any CPU.Build.0 = Release|Any CPU
		{4077AAD2-EC31-4D79-821D-74039C1F41D0}.Debug|Any CPU.ActiveCfg = Debug|Any CPU
		{4077AAD2-EC31-4D79-821D-74039C1F41D0}.Debug|Any CPU.Build.0 = Debug|Any CPU
		{4077AAD2-EC31-4D79-821D-74039C1F41D0}.Release|Any CPU.ActiveCfg = Release|Any CPU
		{4077AAD2-EC31-4D79-821D-74039C1F41D0}.Release|Any CPU.Build.0 = Release|Any CPU
		{1AEC5D82-4081-4649-AD79-39B6B455771F}.Debug|Any CPU.ActiveCfg = Debug|Any CPU
		{1AEC5D82-4081-4649-AD79-39B6B455771F}.Debug|Any CPU.Build.0 = Debug|Any CPU
		{1AEC5D82-4081-4649-AD79-39B6B455771F}.Release|Any CPU.ActiveCfg = Release|Any CPU
		{1AEC5D82-4081-4649-AD79-39B6B455771F}.Release|Any CPU.Build.0 = Release|Any CPU
	EndGlobalSection
	GlobalSection(SolutionProperties) = preSolution
		HideSolutionNode = FALSE
	EndGlobalSection
	GlobalSection(ExtensibilityGlobals) = postSolution
		SolutionGuid = {D8268582-8B24-4A01-A93B-20C0766E67A9}
	EndGlobalSection
EndGlobal
